
Microsoft Visual Studio Solution File, Format Version 12.00
# Visual Studio Version 17
VisualStudioVersion = 17.1.32228.430
MinimumVisualStudioVersion = 10.0.40219.1
Project("{9A19103F-16F7-4668-BE54-9A1E7A4F7556}") = "FormulaOneStatistics", "FormulaOneStatistics\FormulaOneStatistics.csproj", "{4A8CECEE-1C13-4B2B-8E52-E4DD904A8AEB}"
EndProject
Project("{9A19103F-16F7-4668-BE54-9A1E7A4F7556}") = "Entities", "Entities\Entities.csproj", "{C9BAA7C7-F3A4-4AD4-8F52-7B97EE830A2E}"
EndProject
Project("{9A19103F-16F7-4668-BE54-9A1E7A4F7556}") = "Services", "Services\Services.csproj", "{E67251B9-E6A2-4739-9E28-8948587859B6}"
EndProject
Project("{54A90642-561A-4BB1-A94E-469ADEE60C69}") = "reactfrontend", "reactfrontend\reactfrontend.esproj", "{DAD350A9-FE01-4D67-BB8F-FF581F68C6D2}"
EndProject
Project("{9A19103F-16F7-4668-BE54-9A1E7A4F7556}") = "XTestProject", "XTestProject\XTestProject.csproj", "{35E71071-0A86-492B-8B59-8A520B24E6C6}"
EndProject
Project("{9A19103F-16F7-4668-BE54-9A1E7A4F7556}") = "Parser", "Parser\Parser.csproj", "{BC2CCDC4-B251-442D-AD5A-A581FAEE1C8C}"
EndProject
Project("{54A90642-561A-4BB1-A94E-469ADEE60C69}") = "reactprojectadm", "reactprojectadm\reactprojectadm.esproj", "{4C12B513-2B81-41F7-83DA-0C48ACBB1E93}"
EndProject
Global
	GlobalSection(SolutionConfigurationPlatforms) = preSolution
		Debug|Any CPU = Debug|Any CPU
		Release|Any CPU = Release|Any CPU
	EndGlobalSection
	GlobalSection(ProjectConfigurationPlatforms) = postSolution
		{4A8CECEE-1C13-4B2B-8E52-E4DD904A8AEB}.Debug|Any CPU.ActiveCfg = Debug|Any CPU
		{4A8CECEE-1C13-4B2B-8E52-E4DD904A8AEB}.Debug|Any CPU.Build.0 = Debug|Any CPU
		{4A8CECEE-1C13-4B2B-8E52-E4DD904A8AEB}.Release|Any CPU.ActiveCfg = Release|Any CPU
		{4A8CECEE-1C13-4B2B-8E52-E4DD904A8AEB}.Release|Any CPU.Build.0 = Release|Any CPU
		{C9BAA7C7-F3A4-4AD4-8F52-7B97EE830A2E}.Debug|Any CPU.ActiveCfg = Debug|Any CPU
		{C9BAA7C7-F3A4-4AD4-8F52-7B97EE830A2E}.Debug|Any CPU.Build.0 = Debug|Any CPU
		{C9BAA7C7-F3A4-4AD4-8F52-7B97EE830A2E}.Release|Any CPU.ActiveCfg = Release|Any CPU
		{C9BAA7C7-F3A4-4AD4-8F52-7B97EE830A2E}.Release|Any CPU.Build.0 = Release|Any CPU
		{E67251B9-E6A2-4739-9E28-8948587859B6}.Debug|Any CPU.ActiveCfg = Debug|Any CPU
		{E67251B9-E6A2-4739-9E28-8948587859B6}.Debug|Any CPU.Build.0 = Debug|Any CPU
		{E67251B9-E6A2-4739-9E28-8948587859B6}.Release|Any CPU.ActiveCfg = Release|Any CPU
		{E67251B9-E6A2-4739-9E28-8948587859B6}.Release|Any CPU.Build.0 = Release|Any CPU
		{DAD350A9-FE01-4D67-BB8F-FF581F68C6D2}.Debug|Any CPU.ActiveCfg = Debug|Any CPU
		{DAD350A9-FE01-4D67-BB8F-FF581F68C6D2}.Debug|Any CPU.Build.0 = Debug|Any CPU
		{DAD350A9-FE01-4D67-BB8F-FF581F68C6D2}.Debug|Any CPU.Deploy.0 = Debug|Any CPU
		{DAD350A9-FE01-4D67-BB8F-FF581F68C6D2}.Release|Any CPU.ActiveCfg = Release|Any CPU
		{DAD350A9-FE01-4D67-BB8F-FF581F68C6D2}.Release|Any CPU.Build.0 = Release|Any CPU
		{DAD350A9-FE01-4D67-BB8F-FF581F68C6D2}.Release|Any CPU.Deploy.0 = Release|Any CPU
		{35E71071-0A86-492B-8B59-8A520B24E6C6}.Debug|Any CPU.ActiveCfg = Debug|Any CPU
		{35E71071-0A86-492B-8B59-8A520B24E6C6}.Debug|Any CPU.Build.0 = Debug|Any CPU
		{35E71071-0A86-492B-8B59-8A520B24E6C6}.Release|Any CPU.ActiveCfg = Release|Any CPU
		{35E71071-0A86-492B-8B59-8A520B24E6C6}.Release|Any CPU.Build.0 = Release|Any CPU
		{BC2CCDC4-B251-442D-AD5A-A581FAEE1C8C}.Debug|Any CPU.ActiveCfg = Debug|Any CPU
		{BC2CCDC4-B251-442D-AD5A-A581FAEE1C8C}.Debug|Any CPU.Build.0 = Debug|Any CPU
		{BC2CCDC4-B251-442D-AD5A-A581FAEE1C8C}.Release|Any CPU.ActiveCfg = Release|Any CPU
		{BC2CCDC4-B251-442D-AD5A-A581FAEE1C8C}.Release|Any CPU.Build.0 = Release|Any CPU
		{4C12B513-2B81-41F7-83DA-0C48ACBB1E93}.Debug|Any CPU.ActiveCfg = Debug|Any CPU
		{4C12B513-2B81-41F7-83DA-0C48ACBB1E93}.Debug|Any CPU.Build.0 = Debug|Any CPU
		{4C12B513-2B81-41F7-83DA-0C48ACBB1E93}.Debug|Any CPU.Deploy.0 = Debug|Any CPU
		{4C12B513-2B81-41F7-83DA-0C48ACBB1E93}.Release|Any CPU.ActiveCfg = Release|Any CPU
		{4C12B513-2B81-41F7-83DA-0C48ACBB1E93}.Release|Any CPU.Build.0 = Release|Any CPU
		{4C12B513-2B81-41F7-83DA-0C48ACBB1E93}.Release|Any CPU.Deploy.0 = Release|Any CPU
	EndGlobalSection
	GlobalSection(SolutionProperties) = preSolution
		HideSolutionNode = FALSE
	EndGlobalSection
	GlobalSection(ExtensibilityGlobals) = postSolution
		SolutionGuid = {877BE6B8-D732-47EB-BB90-11CC10DCFE72}
	EndGlobalSection
EndGlobal
