
Microsoft Visual Studio Solution File, Format Version 12.00
# Visual Studio Version 17
VisualStudioVersion = 17.1.32228.430
MinimumVisualStudioVersion = 10.0.40219.1
Project("{FAE04EC0-301F-11D3-BF4B-00C04F79EFBC}") = "FormulaOneStatistics", "FormulaOneStatistics\FormulaOneStatistics.csproj", "{4A8CECEE-1C13-4B2B-8E52-E4DD904A8AEB}"
EndProject
Project("{FAE04EC0-301F-11D3-BF4B-00C04F79EFBC}") = "Contracts", "Contracts\Contracts.csproj", "{6D44A085-5AC2-417F-A05B-86C6359A6F2C}"
EndProject
Project("{FAE04EC0-301F-11D3-BF4B-00C04F79EFBC}") = "Entities", "Entities\Entities.csproj", "{C9BAA7C7-F3A4-4AD4-8F52-7B97EE830A2E}"
EndProject
Project("{FAE04EC0-301F-11D3-BF4B-00C04F79EFBC}") = "Repository", "Repository\Repository.csproj", "{E67251B9-E6A2-4739-9E28-8948587859B6}"
EndProject
Global
	GlobalSection(SolutionConfigurationPlatforms) = preSolution
		Debug|Any CPU = Debug|Any CPU
		Release|Any CPU = Release|Any CPU
	EndGlobalSection
	GlobalSection(ProjectConfigurationPlatforms) = postSolution
		{4A8CECEE-1C13-4B2B-8E52-E4DD904A8AEB}.Debug|Any CPU.ActiveCfg = Debug|Any CPU
		{4A8CECEE-1C13-4B2B-8E52-E4DD904A8AEB}.Debug|Any CPU.Build.0 = Debug|Any CPU
		{4A8CECEE-1C13-4B2B-8E52-E4DD904A8AEB}.Release|Any CPU.ActiveCfg = Release|Any CPU
		{4A8CECEE-1C13-4B2B-8E52-E4DD904A8AEB}.Release|Any CPU.Build.0 = Release|Any CPU
		{6D44A085-5AC2-417F-A05B-86C6359A6F2C}.Debug|Any CPU.ActiveCfg = Debug|Any CPU
		{6D44A085-5AC2-417F-A05B-86C6359A6F2C}.Debug|Any CPU.Build.0 = Debug|Any CPU
		{6D44A085-5AC2-417F-A05B-86C6359A6F2C}.Release|Any CPU.ActiveCfg = Release|Any CPU
		{6D44A085-5AC2-417F-A05B-86C6359A6F2C}.Release|Any CPU.Build.0 = Release|Any CPU
		{C9BAA7C7-F3A4-4AD4-8F52-7B97EE830A2E}.Debug|Any CPU.ActiveCfg = Debug|Any CPU
		{C9BAA7C7-F3A4-4AD4-8F52-7B97EE830A2E}.Debug|Any CPU.Build.0 = Debug|Any CPU
		{C9BAA7C7-F3A4-4AD4-8F52-7B97EE830A2E}.Release|Any CPU.ActiveCfg = Release|Any CPU
		{C9BAA7C7-F3A4-4AD4-8F52-7B97EE830A2E}.Release|Any CPU.Build.0 = Release|Any CPU
		{E67251B9-E6A2-4739-9E28-8948587859B6}.Debug|Any CPU.ActiveCfg = Debug|Any CPU
		{E67251B9-E6A2-4739-9E28-8948587859B6}.Debug|Any CPU.Build.0 = Debug|Any CPU
		{E67251B9-E6A2-4739-9E28-8948587859B6}.Release|Any CPU.ActiveCfg = Release|Any CPU
		{E67251B9-E6A2-4739-9E28-8948587859B6}.Release|Any CPU.Build.0 = Release|Any CPU
	EndGlobalSection
	GlobalSection(SolutionProperties) = preSolution
		HideSolutionNode = FALSE
	EndGlobalSection
	GlobalSection(ExtensibilityGlobals) = postSolution
		SolutionGuid = {877BE6B8-D732-47EB-BB90-11CC10DCFE72}
	EndGlobalSection
EndGlobal
